Microsoft Visual Studio Solution File, Format Version 12.00
# Visual Studio Version 17
VisualStudioVersion = 17.5.2.0
MinimumVisualStudioVersion = 10.0.40219.1
Project("{FAE04EC0-301F-11D3-BF4B-00C04F79EFBC}") = "FreightBrokerAPI", "FreightBrokerAPI.csproj", "{0ED0E67F-9492-7293-E4CF-F4EE79F9DADF}"
EndProject
Global
	GlobalSection(SolutionConfigurationPlatforms) = preSolution
		Debug|Any CPU = Debug|Any CPU
		Release|Any CPU = Release|Any CPU
	EndGlobalSection
	GlobalSection(ProjectConfigurationPlatforms) = postSolution
		{0ED0E67F-9492-7293-E4CF-F4EE79F9DADF}.Debug|Any CPU.ActiveCfg = Debug|Any CPU
		{0ED0E67F-9492-7293-E4CF-F4EE79F9DADF}.Debug|Any CPU.Build.0 = Debug|Any CPU
		{0ED0E67F-9492-7293-E4CF-F4EE79F9DADF}.Release|Any CPU.ActiveCfg = Release|Any CPU
		{0ED0E67F-9492-7293-E4CF-F4EE79F9DADF}.Release|Any CPU.Build.0 = Release|Any CPU
	EndGlobalSection
	GlobalSection(SolutionProperties) = preSolution
		HideSolutionNode = FALSE
	EndGlobalSection
	GlobalSection(ExtensibilityGlobals) = postSolution
		SolutionGuid = {97F0AC28-5588-4D8B-8795-B0C6F148603A}
	EndGlobalSection
EndGlobal
